
Microsoft Visual Studio Solution File, Format Version 12.00
# Visual Studio Version 17
VisualStudioVersion = 17.0.31919.166
MinimumVisualStudioVersion = 10.0.40219.1
Project("{FAE04EC0-301F-11D3-BF4B-00C04F79EFBC}") = "WebApplication1", "WebApplication1\WebApplication1.csproj", "{1730840E-EF6A-4C2D-A583-D9157B1FF379}"
EndProject
Global
	GlobalSection(SolutionConfigurationPlatforms) = preSolution
		Debug|Any CPU = Debug|Any CPU
		Release|Any CPU = Release|Any CPU
	EndGlobalSection
	GlobalSection(ProjectConfigurationPlatforms) = postSolution
		{1730840E-EF6A-4C2D-A583-D9157B1FF379}.Debug|Any CPU.ActiveCfg = Debug|Any CPU
		{1730840E-EF6A-4C2D-A583-D9157B1FF379}.Debug|Any CPU.Build.0 = Debug|Any CPU
		{1730840E-EF6A-4C2D-A583-D9157B1FF379}.Release|Any CPU.ActiveCfg = Release|Any CPU
		{1730840E-EF6A-4C2D-A583-D9157B1FF379}.Release|Any CPU.Build.0 = Release|Any CPU
	EndGlobalSection
	GlobalSection(SolutionProperties) = preSolution
		HideSolutionNode = FALSE
	EndGlobalSection
	GlobalSection(ExtensibilityGlobals) = postSolution
		SolutionGuid = {52D9F355-C33B-421A-9A80-975AA4638EA9}
	EndGlobalSection
EndGlobal
